
Microsoft Visual Studio Solution File, Format Version 12.00
# Visual Studio Version 17
VisualStudioVersion = 17.0.32112.339
MinimumVisualStudioVersion = 10.0.40219.1
Project("{9A19103F-16F7-4668-BE54-9A1E7A4F7556}") = "MyBlazor.Server", "Server\MyBlazor.Server.csproj", "{FAA4B099-942F-4D57-9EDF-6CC1014DE16F}"
EndProject
Project("{9A19103F-16F7-4668-BE54-9A1E7A4F7556}") = "MyBlazor.Client", "Client\MyBlazor.Client.csproj", "{50A91C8F-3DA8-4F9E-A7D7-46095117424E}"
EndProject
Project("{9A19103F-16F7-4668-BE54-9A1E7A4F7556}") = "MyBlazor.Shared", "Shared\MyBlazor.Shared.csproj", "{B7A11105-60BC-4729-BB94-91A9716F33C4}"
EndProject
Global
	GlobalSection(SolutionConfigurationPlatforms) = preSolution
		Debug|Any CPU = Debug|Any CPU
		Release|Any CPU = Release|Any CPU
	EndGlobalSection
	GlobalSection(ProjectConfigurationPlatforms) = postSolution
		{FAA4B099-942F-4D57-9EDF-6CC1014DE16F}.Debug|Any CPU.ActiveCfg = Debug|Any CPU
		{FAA4B099-942F-4D57-9EDF-6CC1014DE16F}.Debug|Any CPU.Build.0 = Debug|Any CPU
		{FAA4B099-942F-4D57-9EDF-6CC1014DE16F}.Release|Any CPU.ActiveCfg = Release|Any CPU
		{FAA4B099-942F-4D57-9EDF-6CC1014DE16F}.Release|Any CPU.Build.0 = Release|Any CPU
		{50A91C8F-3DA8-4F9E-A7D7-46095117424E}.Debug|Any CPU.ActiveCfg = Debug|Any CPU
		{50A91C8F-3DA8-4F9E-A7D7-46095117424E}.Debug|Any CPU.Build.0 = Debug|Any CPU
		{50A91C8F-3DA8-4F9E-A7D7-46095117424E}.Release|Any CPU.ActiveCfg = Release|Any CPU
		{50A91C8F-3DA8-4F9E-A7D7-46095117424E}.Release|Any CPU.Build.0 = Release|Any CPU
		{B7A11105-60BC-4729-BB94-91A9716F33C4}.Debug|Any CPU.ActiveCfg = Debug|Any CPU
		{B7A11105-60BC-4729-BB94-91A9716F33C4}.Debug|Any CPU.Build.0 = Debug|Any CPU
		{B7A11105-60BC-4729-BB94-91A9716F33C4}.Release|Any CPU.ActiveCfg = Release|Any CPU
		{B7A11105-60BC-4729-BB94-91A9716F33C4}.Release|Any CPU.Build.0 = Release|Any CPU
	EndGlobalSection
	GlobalSection(SolutionProperties) = preSolution
		HideSolutionNode = FALSE
	EndGlobalSection
	GlobalSection(ExtensibilityGlobals) = postSolution
		SolutionGuid = {CE10C8B1-428E-4A3C-A703-28CF5127E784}
	EndGlobalSection
EndGlobal
